
Microsoft Visual Studio Solution File, Format Version 10.00
# Visual Studio 2008
Project("{FAE04EC0-301F-11D3-BF4B-00C04F79EFBC}") = "EMTASS_ClientDemo", "SocketClientDemo\EMTASS_ClientDemo.csproj", "{2E148817-C396-40E2-8305-890DC0D924F8}"
EndProject
Project("{FAE04EC0-301F-11D3-BF4B-00C04F79EFBC}") = "EMTASS_ServerDemo", "SocketServerDemo\EMTASS_ServerDemo.csproj", "{C6ADC3CF-A1E7-438B-85A7-0C919DDCF8DF}"
EndProject
Global
	GlobalSection(SolutionConfigurationPlatforms) = preSolution
		Debug|Any CPU = Debug|Any CPU
		Release|Any CPU = Release|Any CPU
	EndGlobalSection
	GlobalSection(ProjectConfigurationPlatforms) = postSolution
		{2E148817-C396-40E2-8305-890DC0D924F8}.Debug|Any CPU.ActiveCfg = Debug|Any CPU
		{2E148817-C396-40E2-8305-890DC0D924F8}.Debug|Any CPU.Build.0 = Debug|Any CPU
		{2E148817-C396-40E2-8305-890DC0D924F8}.Release|Any CPU.ActiveCfg = Release|Any CPU
		{2E148817-C396-40E2-8305-890DC0D924F8}.Release|Any CPU.Build.0 = Release|Any CPU
		{C6ADC3CF-A1E7-438B-85A7-0C919DDCF8DF}.Debug|Any CPU.ActiveCfg = Debug|Any CPU
		{C6ADC3CF-A1E7-438B-85A7-0C919DDCF8DF}.Debug|Any CPU.Build.0 = Debug|Any CPU
		{C6ADC3CF-A1E7-438B-85A7-0C919DDCF8DF}.Release|Any CPU.ActiveCfg = Release|Any CPU
		{C6ADC3CF-A1E7-438B-85A7-0C919DDCF8DF}.Release|Any CPU.Build.0 = Release|Any CPU
	EndGlobalSection
	GlobalSection(SolutionProperties) = preSolution
		HideSolutionNode = FALSE
	EndGlobalSection
EndGlobal
